
Microsoft Visual Studio Solution File, Format Version 12.00
# Visual Studio 15
VisualStudioVersion = 15.0.28307.271
MinimumVisualStudioVersion = 10.0.40219.1
Project("{FAE04EC0-301F-11D3-BF4B-00C04F79EFBC}") = "YD", "YD\YD.csproj", "{709F66D9-E157-4293-9D30-6448E59F46F0}"
EndProject
Global
	GlobalSection(SolutionConfigurationPlatforms) = preSolution
		Debug|Any CPU = Debug|Any CPU
		Release|Any CPU = Release|Any CPU
	EndGlobalSection
	GlobalSection(ProjectConfigurationPlatforms) = postSolution
		{709F66D9-E157-4293-9D30-6448E59F46F0}.Debug|Any CPU.ActiveCfg = Debug|Any CPU
		{709F66D9-E157-4293-9D30-6448E59F46F0}.Debug|Any CPU.Build.0 = Debug|Any CPU
		{709F66D9-E157-4293-9D30-6448E59F46F0}.Release|Any CPU.ActiveCfg = Release|Any CPU
		{709F66D9-E157-4293-9D30-6448E59F46F0}.Release|Any CPU.Build.0 = Release|Any CPU
	EndGlobalSection
	GlobalSection(SolutionProperties) = preSolution
		HideSolutionNode = FALSE
	EndGlobalSection
	GlobalSection(ExtensibilityGlobals) = postSolution
		SolutionGuid = {4AB1074C-B497-46E1-BA4D-C5A397B5E88A}
	EndGlobalSection
EndGlobal
